<?xml version="1.0" encoding="UTF-8" standalone="yes" ?>
<CodeBlocks_project_file>
	<FileVersion major="1" minor="6" />
	<Project>
		<Option title="csuper-gui" />
		<Option pch_mode="2" />
		<Option compiler="gcc" />
		<Build>
			<Target title="Debug">
				<Option output="../csuper-gui" prefix_auto="1" extension_auto="1" />
				<Option working_dir=".." />
				<Option object_output="../Compilation/obj/Debug" />
				<Option type="1" />
				<Option compiler="gcc" />
				<Compiler>
					<Add option="-g" />
				</Compiler>
			</Target>
			<Target title="Release">
				<Option output="../csuper-gui" prefix_auto="1" extension_auto="1" />
				<Option working_dir=".." />
				<Option object_output="../Compilation/obj/Release" />
				<Option type="0" />
				<Option compiler="gcc" />
				<Compiler>
					<Add option="-O2" />
				</Compiler>
				<Linker>
					<Add option="-s" />
				</Linker>
			</Target>
		</Build>
		<Compiler>
			<Add option="-Wall" />
			<Add option="`pkg-config --cflags gtk+-3.0 libxml-2.0`" />
			<Add directory="../Externals library/Slope" />
		</Compiler>
		<Linker>
			<Add option="`pkg-config --libs gtk+-3.0 gmodule-export-2.0 gmodule-2.0 libxml-2.0`" />
			<Add library="libcsuper" />
			<Add library="libslope" />
			<Add directory="../" />
		</Linker>
		<Unit filename="../Sources/csuper-gui/chart.c">
			<Option compilerVar="CC" />
		</Unit>
		<Unit filename="../Sources/csuper-gui/chart.h" />
		<Unit filename="../Sources/csuper-gui/csuper-gui.h" />
		<Unit filename="../Sources/csuper-gui/exportation_preferences.c">
			<Option compilerVar="CC" />
		</Unit>
		<Unit filename="../Sources/csuper-gui/exportation_preferences.h" />
		<Unit filename="../Sources/csuper-gui/game_config_preferences.c">
			<Option compilerVar="CC" />
		</Unit>
		<Unit filename="../Sources/csuper-gui/game_config_preferences.h" />
		<Unit filename="../Sources/csuper-gui/main.c">
			<Option compilerVar="CC" />
		</Unit>
		<Unit filename="../Sources/csuper-gui/main.h" />
		<Unit filename="../Sources/csuper-gui/main_menu.c">
			<Option compilerVar="CC" />
		</Unit>
		<Unit filename="../Sources/csuper-gui/main_menu.h" />
		<Unit filename="../Sources/csuper-gui/main_window.c">
			<Option compilerVar="CC" />
		</Unit>
		<Unit filename="../Sources/csuper-gui/main_window.h" />
		<Unit filename="../Sources/csuper-gui/new_file_assistant.c">
			<Option compilerVar="CC" />
		</Unit>
		<Unit filename="../Sources/csuper-gui/new_file_assistant.h" />
		<Unit filename="../Sources/csuper-gui/preferences.c">
			<Option compilerVar="CC" />
		</Unit>
		<Unit filename="../Sources/csuper-gui/preferences.h" />
		<Unit filename="../Sources/csuper-gui/ressources_windows.rc">
			<Option compilerVar="WINDRES" />
		</Unit>
		<Unit filename="../Sources/csuper-gui/toolbar_button_preferences.c">
			<Option compilerVar="CC" />
		</Unit>
		<Unit filename="../Sources/csuper-gui/toolbar_button_preferences.h" />
		<Unit filename="../Sources/csuper-gui/utils.c">
			<Option compilerVar="CC" />
		</Unit>
		<Unit filename="../Sources/csuper-gui/utils.h" />
		<Unit filename="../csuper-gui.glade" />
		<Extensions>
			<code_completion />
			<envvars />
			<debugger />
			<lib_finder disable_auto="1" />
		</Extensions>
	</Project>
</CodeBlocks_project_file>
