<?xml version="1.0" encoding="UTF-8" standalone="yes" ?>
<CodeBlocks_project_file>
	<FileVersion major="1" minor="6" />
	<Project>
		<Option title="csuper-cli" />
		<Option pch_mode="2" />
		<Option compiler="gcc" />
		<Build>
			<Target title="Debug Unix">
				<Option output="../csuper-cli" prefix_auto="1" extension_auto="1" />
				<Option working_dir="../" />
				<Option object_output="../Compilation/obj/Debug_Unix" />
				<Option type="1" />
				<Option compiler="gcc" />
				<Compiler>
					<Add option="-g" />
				</Compiler>
				<Linker>
					<Add library="curses" />
				</Linker>
			</Target>
			<Target title="Release Unix">
				<Option output="../csuper-cli" prefix_auto="1" extension_auto="1" />
				<Option working_dir="../" />
				<Option object_output="../Compilation/obj/Release_Unix" />
				<Option type="1" />
				<Option compiler="gcc" />
				<Compiler>
					<Add option="-O2" />
				</Compiler>
				<Linker>
					<Add option="-s" />
					<Add library="curses" />
				</Linker>
			</Target>
			<Target title="Debug Portable Unix">
				<Option output="../csuper-cli" prefix_auto="1" extension_auto="1" />
				<Option working_dir="../" />
				<Option object_output="../Compilation/obj/Debug_Portable_Unix" />
				<Option type="1" />
				<Option compiler="gcc" />
				<Compiler>
					<Add option="-g" />
					<Add option="-DPORTABLE" />
				</Compiler>
				<Linker>
					<Add library="curses" />
				</Linker>
			</Target>
			<Target title="Release Portable Unix">
				<Option output="../csuper-cli" prefix_auto="1" extension_auto="1" />
				<Option working_dir="../" />
				<Option object_output="../Compilation/obj/Release_Portable_Unix" />
				<Option type="1" />
				<Option compiler="gcc" />
				<Compiler>
					<Add option="-O2" />
					<Add option="-DPORTABLE" />
				</Compiler>
				<Linker>
					<Add option="-s" />
					<Add library="curses" />
				</Linker>
			</Target>
			<Target title="Debug Windows">
				<Option output="../csuper-cli" prefix_auto="1" extension_auto="1" />
				<Option working_dir="../" />
				<Option object_output="../Compilation/obj/Debug_Windows" />
				<Option type="1" />
				<Option compiler="gcc" />
				<Compiler>
					<Add option="-g" />
				</Compiler>
			</Target>
			<Target title="Release Windows">
				<Option output="../csuper-cli" prefix_auto="1" extension_auto="1" />
				<Option working_dir="../" />
				<Option object_output="../Compilation/obj/Release_Windows" />
				<Option type="1" />
				<Option compiler="gcc" />
				<Compiler>
					<Add option="-O2" />
				</Compiler>
				<Linker>
					<Add option="-s" />
				</Linker>
			</Target>
			<Target title="Debug Portable Windows">
				<Option output="../csuper-cli" prefix_auto="1" extension_auto="1" />
				<Option working_dir="../" />
				<Option object_output="../Compilation/obj/Debug_Portable_Windows" />
				<Option type="1" />
				<Option compiler="gcc" />
				<Compiler>
					<Add option="-g" />
					<Add option="-DPORTABLE" />
				</Compiler>
			</Target>
			<Target title="Release Portable Windows">
				<Option output="../csuper-cli" prefix_auto="1" extension_auto="1" />
				<Option working_dir="../" />
				<Option object_output="../Compilation/obj/Release_Portable_Windows" />
				<Option type="1" />
				<Option compiler="gcc" />
				<Compiler>
					<Add option="-O2" />
					<Add option="-DPORTABLE" />
				</Compiler>
				<Linker>
					<Add option="-s" />
				</Linker>
			</Target>
		</Build>
		<Compiler>
			<Add option="-Wall" />
			<Add option="-std=c++11" />
			<Add option="`pkg-config --cflags glibmm-2.4 libxml++-2.6 `" />
			<Add directory="../" />
		</Compiler>
		<ResourceCompiler>
			<Add directory="../" />
		</ResourceCompiler>
		<Linker>
			<Add option="`pkg-config --libs glibmm-2.4 cairo`" />
			<Add library="libcsuper" />
			<Add directory="../" />
		</Linker>
		<Unit filename="../Sources/csuper-cli/command_line_option.cpp" />
		<Unit filename="../Sources/csuper-cli/command_line_option.h" />
		<Unit filename="../Sources/csuper-cli/game_cli.cpp" />
		<Unit filename="../Sources/csuper-cli/game_cli.h" />
		<Unit filename="../Sources/csuper-cli/main.cpp" />
		<Unit filename="../Sources/csuper-cli/menu.cpp" />
		<Unit filename="../Sources/csuper-cli/menu.h" />
		<Unit filename="../Sources/csuper-cli/ressources_windows.rc">
			<Option compilerVar="WINDRES" />
			<Option target="Debug Windows" />
			<Option target="Release Windows" />
			<Option target="Debug Portable Windows" />
			<Option target="Release Portable Windows" />
		</Unit>
		<Unit filename="../Sources/csuper-cli/share.cpp" />
		<Unit filename="../Sources/csuper-cli/share.h" />
		<Unit filename="../Sources/csuper-cli/text_style.cpp" />
		<Unit filename="../Sources/csuper-cli/text_style.h" />
		<Extensions>
			<code_completion />
			<debugger />
			<envvars />
		</Extensions>
	</Project>
</CodeBlocks_project_file>
