<?xml version="1.0" encoding="UTF-8" standalone="yes" ?>
<CodeBlocks_project_file>
	<FileVersion major="1" minor="6" />
	<Project>
		<Option title="libslope" />
		<Option pch_mode="2" />
		<Option compiler="gcc" />
		<Build>
			<Target title="Debug">
				<Option output="../slope" prefix_auto="1" extension_auto="1" />
				<Option working_dir="" />
				<Option object_output="../Compilation/obj/Debug/Sources" />
				<Option type="2" />
				<Option compiler="gcc" />
				<Option host_application="../csuper" />
				<Option run_host_application_in_terminal="1" />
				<Option createDefFile="1" />
				<Compiler>
					<Add option="-g" />
				</Compiler>
			</Target>
			<Target title="Release">
				<Option output="../slope" prefix_auto="1" extension_auto="1" />
				<Option working_dir="" />
				<Option object_output="../Compilation/obj/Release" />
				<Option type="2" />
				<Option compiler="gcc" />
				<Option createDefFile="1" />
				<Compiler>
					<Add option="-O2" />
				</Compiler>
				<Linker>
					<Add option="-s" />
				</Linker>
			</Target>
		</Build>
		<Compiler>
			<Add option="-Wall" />
			<Add option="-fpic" />
			<Add option="`pkg-config --cflags cairo `" />
			<Add directory="../Externals library/Slope" />
		</Compiler>
		<Linker>
			<Add option="-shared" />
			<Add option="`pkg-config --libs cairo`" />
		</Linker>
		<Unit filename="../Externals library/Slope/slope-config.h" />
		<Unit filename="../Externals library/Slope/slope/custom-item.c">
			<Option compilerVar="CC" />
		</Unit>
		<Unit filename="../Externals library/Slope/slope/custom-item.h" />
		<Unit filename="../Externals library/Slope/slope/figure.c">
			<Option compilerVar="CC" />
		</Unit>
		<Unit filename="../Externals library/Slope/slope/figure.h" />
		<Unit filename="../Externals library/Slope/slope/figure_p.h" />
		<Unit filename="../Externals library/Slope/slope/funcplot.c">
			<Option compilerVar="CC" />
		</Unit>
		<Unit filename="../Externals library/Slope/slope/funcplot.h" />
		<Unit filename="../Externals library/Slope/slope/funcplot_p.h" />
		<Unit filename="../Externals library/Slope/slope/global.h" />
		<Unit filename="../Externals library/Slope/slope/item.c">
			<Option compilerVar="CC" />
		</Unit>
		<Unit filename="../Externals library/Slope/slope/item.h" />
		<Unit filename="../Externals library/Slope/slope/item_p.h" />
		<Unit filename="../Externals library/Slope/slope/legend.c">
			<Option compilerVar="CC" />
		</Unit>
		<Unit filename="../Externals library/Slope/slope/legend.h" />
		<Unit filename="../Externals library/Slope/slope/legend_p.h" />
		<Unit filename="../Externals library/Slope/slope/list.c">
			<Option compilerVar="CC" />
		</Unit>
		<Unit filename="../Externals library/Slope/slope/list.h" />
		<Unit filename="../Externals library/Slope/slope/metrics.c">
			<Option compilerVar="CC" />
		</Unit>
		<Unit filename="../Externals library/Slope/slope/metrics.h" />
		<Unit filename="../Externals library/Slope/slope/metrics_p.h" />
		<Unit filename="../Externals library/Slope/slope/primitives.c">
			<Option compilerVar="CC" />
		</Unit>
		<Unit filename="../Externals library/Slope/slope/primitives.h" />
		<Unit filename="../Externals library/Slope/slope/slope.c">
			<Option compilerVar="CC" />
		</Unit>
		<Unit filename="../Externals library/Slope/slope/slope.h" />
		<Unit filename="../Externals library/Slope/slope/tags" />
		<Unit filename="../Externals library/Slope/slope/text.c">
			<Option compilerVar="CC" />
		</Unit>
		<Unit filename="../Externals library/Slope/slope/text.h" />
		<Unit filename="../Externals library/Slope/slope/vector.h" />
		<Unit filename="../Externals library/Slope/slope/xyaxis.c">
			<Option compilerVar="CC" />
		</Unit>
		<Unit filename="../Externals library/Slope/slope/xyaxis.h" />
		<Unit filename="../Externals library/Slope/slope/xyaxis_p.h" />
		<Unit filename="../Externals library/Slope/slope/xymetrics.c">
			<Option compilerVar="CC" />
		</Unit>
		<Unit filename="../Externals library/Slope/slope/xymetrics.h" />
		<Unit filename="../Externals library/Slope/slope/xymetrics_p.h" />
		<Extensions>
			<envvars />
			<code_completion />
			<lib_finder disable_auto="1" />
			<debugger />
		</Extensions>
	</Project>
</CodeBlocks_project_file>
